
Microsoft Visual Studio Solution File, Format Version 12.00
# Visual Studio Version 17
VisualStudioVersion = 17.8.34330.188
MinimumVisualStudioVersion = 10.0.40219.1
Project("{FAE04EC0-301F-11D3-BF4B-00C04F79EFBC}") = "AsynProgrammingfetchingAPI", "AsynProgrammingfetchingAPI\AsynProgrammingfetchingAPI.csproj", "{FA3335E7-36E4-46A4-81BC-1102D1FFBAFE}"
EndProject
Global
	GlobalSection(SolutionConfigurationPlatforms) = preSolution
		Debug|Any CPU = Debug|Any CPU
		Release|Any CPU = Release|Any CPU
	EndGlobalSection
	GlobalSection(ProjectConfigurationPlatforms) = postSolution
		{FA3335E7-36E4-46A4-81BC-1102D1FFBAFE}.Debug|Any CPU.ActiveCfg = Debug|Any CPU
		{FA3335E7-36E4-46A4-81BC-1102D1FFBAFE}.Debug|Any CPU.Build.0 = Debug|Any CPU
		{FA3335E7-36E4-46A4-81BC-1102D1FFBAFE}.Release|Any CPU.ActiveCfg = Release|Any CPU
		{FA3335E7-36E4-46A4-81BC-1102D1FFBAFE}.Release|Any CPU.Build.0 = Release|Any CPU
	EndGlobalSection
	GlobalSection(SolutionProperties) = preSolution
		HideSolutionNode = FALSE
	EndGlobalSection
	GlobalSection(ExtensibilityGlobals) = postSolution
		SolutionGuid = {21DF4AC3-E840-4D8E-BFAD-F0123E7F3451}
	EndGlobalSection
EndGlobal
